
Microsoft Visual Studio Solution File, Format Version 12.00
# Visual Studio Version 17
VisualStudioVersion = 17.11.35303.130
MinimumVisualStudioVersion = 10.0.40219.1
Project("{2150E333-8FDC-42A3-9474-1A3956D46DE8}") = "Task0", "Task0", "{A3E91BD2-E2B3-4BAE-AB96-1F2B35EFCFB4}"
EndProject
Project("{9A19103F-16F7-4668-BE54-9A1E7A4F7556}") = "Tyuiu.GubanovaSO.Sprint1.Task0.V30.Test", "Tyuiu.GubanovaSO.Sprint1.Task0.V30.Test\Tyuiu.GubanovaSO.Sprint1.Task0.V30.Test.csproj", "{31B9B3F4-5CA7-4084-8BFB-17247FB167DE}"
EndProject
Project("{9A19103F-16F7-4668-BE54-9A1E7A4F7556}") = "Tyuiu.GubanovaSO.Sprint1.Task0.V30", "Tyuiu.GubanovaSO.Sprint1.Task0.V30\Tyuiu.GubanovaSO.Sprint1.Task0.V30.csproj", "{637A7D36-3060-4537-9E27-D6D19731B4AB}"
EndProject
Project("{9A19103F-16F7-4668-BE54-9A1E7A4F7556}") = "Tyuiu.GubanovaSO.Sprint1.Task0.V30.Lib", "Tyuiu.GubanovaSO.Sprint1.Task0.V30.Lib\Tyuiu.GubanovaSO.Sprint1.Task0.V30.Lib.csproj", "{F0AA5256-4B4E-477C-B0A2-C28680C583C9}"
EndProject
Project("{2150E333-8FDC-42A3-9474-1A3956D46DE8}") = "Task1", "Task1", "{DEF6ECA6-82FD-4A3D-A248-0D8231BF75CF}"
EndProject
Project("{9A19103F-16F7-4668-BE54-9A1E7A4F7556}") = "Tyuiu.GubanovaSO.Sprint1.Task1.V2", "Tyuiu.GubanovaSO.Sprint1.Task1.V2\Tyuiu.GubanovaSO.Sprint1.Task1.V2.csproj", "{16D4DA5A-DD20-4A21-8DAC-D31ACF0D911E}"
EndProject
Project("{9A19103F-16F7-4668-BE54-9A1E7A4F7556}") = "Tyuiu.GubanovaSO.Sprint1.Task1.V2.Lib", "Tyuiu.GubanovaSO.Sprint1.Task1.V2.Lib\Tyuiu.GubanovaSO.Sprint1.Task1.V2.Lib.csproj", "{900A3CBE-E1DA-4852-BF85-66613149B069}"
EndProject
Project("{9A19103F-16F7-4668-BE54-9A1E7A4F7556}") = "Tyuiu.GubanovaSO.Sprint1.Task1.V2.Test", "Tyuiu.GubanovaSO.Sprint1.Task1.V2.Test\Tyuiu.GubanovaSO.Sprint1.Task1.V2.Test.csproj", "{08ECDB27-1C61-47C4-981D-1D096750F119}"
EndProject
Project("{2150E333-8FDC-42A3-9474-1A3956D46DE8}") = "Task2", "Task2", "{A1A6D86A-33D6-405E-BD7F-AE7BB23AD2F0}"
EndProject
Project("{9A19103F-16F7-4668-BE54-9A1E7A4F7556}") = "Tyuiu.GubanovaSO.Sprint1.Task2.V3", "Tyuiu.GubanovaSO.Sprint1.Task2.V3\Tyuiu.GubanovaSO.Sprint1.Task2.V3.csproj", "{780BD5EB-35A6-4736-8BCC-EC388E136514}"
EndProject
Project("{9A19103F-16F7-4668-BE54-9A1E7A4F7556}") = "Tyuiu.GubanovaSO.Sprint1.Task2.V3.Lib", "Tyuiu.GubanovaSO.Sprint1.Task2.V3.Lib\Tyuiu.GubanovaSO.Sprint1.Task2.V3.Lib.csproj", "{4D3C1709-786D-4893-B351-EE4F059F4FD2}"
EndProject
Project("{9A19103F-16F7-4668-BE54-9A1E7A4F7556}") = "Tyuiu.GubanovaSO.Sprint1.Task2.V3.Test", "Tyuiu.GubanovaSO.Sprint1.Task2.V3.Test\Tyuiu.GubanovaSO.Sprint1.Task2.V3.Test.csproj", "{7A2D9B5F-DF6C-4855-A89A-D62083049280}"
EndProject
Project("{2150E333-8FDC-42A3-9474-1A3956D46DE8}") = "Task3", "Task3", "{CB0FF75C-DDF7-4C7D-BFE8-642D90CAAD32}"
EndProject
Project("{FAE04EC0-301F-11D3-BF4B-00C04F79EFBC}") = "Tyuiu.GubanovaSO.Sprint1.Task3.V6", "Tyuiu.GubanovaSO.Sprint1.Task3.V6\Tyuiu.GubanovaSO.Sprint1.Task3.V6.csproj", "{1421B3C7-8CD7-40C6-AA7D-443CD75F1BE8}"
EndProject
Project("{FAE04EC0-301F-11D3-BF4B-00C04F79EFBC}") = "Tyuiu.GubanovaSO.Sprint1.Task3.V6.Lib", "Tyuiu.GubanovaSO.Sprint1.Task3.V6.Lib\Tyuiu.GubanovaSO.Sprint1.Task3.V6.Lib.csproj", "{D18F8CF2-19FA-4B2A-9B5E-39B396C901A4}"
EndProject
Project("{FAE04EC0-301F-11D3-BF4B-00C04F79EFBC}") = "Tyuiu.GubanovaSO.Sprint1.Task3.V6.Test", "Tyuiu.GubanovaSO.Sprint1.Task3.V6.Test\Tyuiu.GubanovaSO.Sprint1.Task3.V6.Test.csproj", "{AA377057-1517-4FE8-AA3B-3D9BDCE398F9}"
EndProject
Project("{2150E333-8FDC-42A3-9474-1A3956D46DE8}") = "Task4", "Task4", "{45F18227-A89E-4758-8140-D2AABD9231BE}"
EndProject
Project("{FAE04EC0-301F-11D3-BF4B-00C04F79EFBC}") = "Tyuiu.GubanovaSO.Sprint1.Task4.V21", "Tyuiu.GubanovaSO.Sprint1.Task4.V21\Tyuiu.GubanovaSO.Sprint1.Task4.V21.csproj", "{EA0D4EC7-3A6D-4823-88A8-EE87C8807AAC}"
EndProject
Project("{FAE04EC0-301F-11D3-BF4B-00C04F79EFBC}") = "Tyuiu.GubanovaSO.Sprint1.Task4.V21.Lib", "Tyuiu.GubanovaSO.Sprint1.Task4.V21.Lib\Tyuiu.GubanovaSO.Sprint1.Task4.V21.Lib.csproj", "{A0027F74-9880-45EF-86A9-A43091B5155A}"
EndProject
Project("{FAE04EC0-301F-11D3-BF4B-00C04F79EFBC}") = "Tyuiu.GubanovaSO.Sprint1.Task4.V21.Test", "Tyuiu.GubanovaSO.Sprint1.Task4.V21.Test\Tyuiu.GubanovaSO.Sprint1.Task4.V21.Test.csproj", "{4570456A-227D-4945-AE64-06AE15823CDA}"
EndProject
Project("{2150E333-8FDC-42A3-9474-1A3956D46DE8}") = "Task5", "Task5", "{03F311AA-330F-449D-A481-12E788514809}"
EndProject
Project("{FAE04EC0-301F-11D3-BF4B-00C04F79EFBC}") = "Tyuiu.GubanovaSO.Sprint1.Task5.V7", "Tyuiu.GubanovaSO.Sprint1.Task5.V7\Tyuiu.GubanovaSO.Sprint1.Task5.V7.csproj", "{48C8CCF4-71ED-4357-9925-813C4F7967C0}"
EndProject
Project("{FAE04EC0-301F-11D3-BF4B-00C04F79EFBC}") = "Tyuiu.GubanovaSO.Sprint1.Task5.V7.Lib", "Tyuiu.GubanovaSO.Sprint1.Task5.V7.Lib\Tyuiu.GubanovaSO.Sprint1.Task5.V7.Lib.csproj", "{840487FC-4432-4D76-BE25-85F930914B2F}"
EndProject
Project("{FAE04EC0-301F-11D3-BF4B-00C04F79EFBC}") = "Tyuiu.GubanovaSO.Sprint1.Task5.V7.Test", "Tyuiu.GubanovaSO.Sprint1.Task5.V7.Test\Tyuiu.GubanovaSO.Sprint1.Task5.V7.Test.csproj", "{B46F7CAA-218A-4E3E-A0BE-F5B1610E3993}"
EndProject
Project("{2150E333-8FDC-42A3-9474-1A3956D46DE8}") = "Task6", "Task6", "{D3FFD82E-22CF-4C26-A09A-B41BBC0AB069}"
EndProject
Project("{FAE04EC0-301F-11D3-BF4B-00C04F79EFBC}") = "Tyuiu.GubanovaSO.Sprint1.Task6.V7", "Tyuiu.GubanovaSO.Sprint1.Task6.V7\Tyuiu.GubanovaSO.Sprint1.Task6.V7.csproj", "{007DDBA1-F6C2-42BC-BEBB-FF2210226378}"
EndProject
Project("{FAE04EC0-301F-11D3-BF4B-00C04F79EFBC}") = "Tyuiu.GubanovaSO.Sprint1.Task6.V7.Lib", "Tyuiu.GubanovaSO.Sprint1.Task6.V7.Lib\Tyuiu.GubanovaSO.Sprint1.Task6.V7.Lib.csproj", "{0A92C1CD-1B8F-4D5C-8777-9230D0A76F2B}"
EndProject
Project("{FAE04EC0-301F-11D3-BF4B-00C04F79EFBC}") = "Tyuiu.GubanovaSO.Sprint1.Task6.V7.Test", "Tyuiu.GubanovaSO.Sprint1.Task6.V7.Test\Tyuiu.GubanovaSO.Sprint1.Task6.V7.Test.csproj", "{994853C1-0821-4F3D-8BEA-29C5D932428B}"
EndProject
Global
	GlobalSection(SolutionConfigurationPlatforms) = preSolution
		Debug|Any CPU = Debug|Any CPU
		Release|Any CPU = Release|Any CPU
	EndGlobalSection
	GlobalSection(ProjectConfigurationPlatforms) = postSolution
		{31B9B3F4-5CA7-4084-8BFB-17247FB167DE}.Debug|Any CPU.ActiveCfg = Debug|Any CPU
		{31B9B3F4-5CA7-4084-8BFB-17247FB167DE}.Debug|Any CPU.Build.0 = Debug|Any CPU
		{31B9B3F4-5CA7-4084-8BFB-17247FB167DE}.Release|Any CPU.ActiveCfg = Release|Any CPU
		{31B9B3F4-5CA7-4084-8BFB-17247FB167DE}.Release|Any CPU.Build.0 = Release|Any CPU
		{637A7D36-3060-4537-9E27-D6D19731B4AB}.Debug|Any CPU.ActiveCfg = Debug|Any CPU
		{637A7D36-3060-4537-9E27-D6D19731B4AB}.Debug|Any CPU.Build.0 = Debug|Any CPU
		{637A7D36-3060-4537-9E27-D6D19731B4AB}.Release|Any CPU.ActiveCfg = Release|Any CPU
		{637A7D36-3060-4537-9E27-D6D19731B4AB}.Release|Any CPU.Build.0 = Release|Any CPU
		{F0AA5256-4B4E-477C-B0A2-C28680C583C9}.Debug|Any CPU.ActiveCfg = Debug|Any CPU
		{F0AA5256-4B4E-477C-B0A2-C28680C583C9}.Debug|Any CPU.Build.0 = Debug|Any CPU
		{F0AA5256-4B4E-477C-B0A2-C28680C583C9}.Release|Any CPU.ActiveCfg = Release|Any CPU
		{F0AA5256-4B4E-477C-B0A2-C28680C583C9}.Release|Any CPU.Build.0 = Release|Any CPU
		{16D4DA5A-DD20-4A21-8DAC-D31ACF0D911E}.Debug|Any CPU.ActiveCfg = Debug|Any CPU
		{16D4DA5A-DD20-4A21-8DAC-D31ACF0D911E}.Debug|Any CPU.Build.0 = Debug|Any CPU
		{16D4DA5A-DD20-4A21-8DAC-D31ACF0D911E}.Release|Any CPU.ActiveCfg = Release|Any CPU
		{16D4DA5A-DD20-4A21-8DAC-D31ACF0D911E}.Release|Any CPU.Build.0 = Release|Any CPU
		{900A3CBE-E1DA-4852-BF85-66613149B069}.Debug|Any CPU.ActiveCfg = Debug|Any CPU
		{900A3CBE-E1DA-4852-BF85-66613149B069}.Debug|Any CPU.Build.0 = Debug|Any CPU
		{900A3CBE-E1DA-4852-BF85-66613149B069}.Release|Any CPU.ActiveCfg = Release|Any CPU
		{900A3CBE-E1DA-4852-BF85-66613149B069}.Release|Any CPU.Build.0 = Release|Any CPU
		{08ECDB27-1C61-47C4-981D-1D096750F119}.Debug|Any CPU.ActiveCfg = Debug|Any CPU
		{08ECDB27-1C61-47C4-981D-1D096750F119}.Debug|Any CPU.Build.0 = Debug|Any CPU
		{08ECDB27-1C61-47C4-981D-1D096750F119}.Release|Any CPU.ActiveCfg = Release|Any CPU
		{08ECDB27-1C61-47C4-981D-1D096750F119}.Release|Any CPU.Build.0 = Release|Any CPU
		{780BD5EB-35A6-4736-8BCC-EC388E136514}.Debug|Any CPU.ActiveCfg = Debug|Any CPU
		{780BD5EB-35A6-4736-8BCC-EC388E136514}.Debug|Any CPU.Build.0 = Debug|Any CPU
		{780BD5EB-35A6-4736-8BCC-EC388E136514}.Release|Any CPU.ActiveCfg = Release|Any CPU
		{780BD5EB-35A6-4736-8BCC-EC388E136514}.Release|Any CPU.Build.0 = Release|Any CPU
		{4D3C1709-786D-4893-B351-EE4F059F4FD2}.Debug|Any CPU.ActiveCfg = Debug|Any CPU
		{4D3C1709-786D-4893-B351-EE4F059F4FD2}.Debug|Any CPU.Build.0 = Debug|Any CPU
		{4D3C1709-786D-4893-B351-EE4F059F4FD2}.Release|Any CPU.ActiveCfg = Release|Any CPU
		{4D3C1709-786D-4893-B351-EE4F059F4FD2}.Release|Any CPU.Build.0 = Release|Any CPU
		{7A2D9B5F-DF6C-4855-A89A-D62083049280}.Debug|Any CPU.ActiveCfg = Debug|Any CPU
		{7A2D9B5F-DF6C-4855-A89A-D62083049280}.Debug|Any CPU.Build.0 = Debug|Any CPU
		{7A2D9B5F-DF6C-4855-A89A-D62083049280}.Release|Any CPU.ActiveCfg = Release|Any CPU
		{7A2D9B5F-DF6C-4855-A89A-D62083049280}.Release|Any CPU.Build.0 = Release|Any CPU
		{1421B3C7-8CD7-40C6-AA7D-443CD75F1BE8}.Debug|Any CPU.ActiveCfg = Debug|Any CPU
		{1421B3C7-8CD7-40C6-AA7D-443CD75F1BE8}.Debug|Any CPU.Build.0 = Debug|Any CPU
		{1421B3C7-8CD7-40C6-AA7D-443CD75F1BE8}.Release|Any CPU.ActiveCfg = Release|Any CPU
		{1421B3C7-8CD7-40C6-AA7D-443CD75F1BE8}.Release|Any CPU.Build.0 = Release|Any CPU
		{D18F8CF2-19FA-4B2A-9B5E-39B396C901A4}.Debug|Any CPU.ActiveCfg = Debug|Any CPU
		{D18F8CF2-19FA-4B2A-9B5E-39B396C901A4}.Debug|Any CPU.Build.0 = Debug|Any CPU
		{D18F8CF2-19FA-4B2A-9B5E-39B396C901A4}.Release|Any CPU.ActiveCfg = Release|Any CPU
		{D18F8CF2-19FA-4B2A-9B5E-39B396C901A4}.Release|Any CPU.Build.0 = Release|Any CPU
		{AA377057-1517-4FE8-AA3B-3D9BDCE398F9}.Debug|Any CPU.ActiveCfg = Debug|Any CPU
		{AA377057-1517-4FE8-AA3B-3D9BDCE398F9}.Debug|Any CPU.Build.0 = Debug|Any CPU
		{AA377057-1517-4FE8-AA3B-3D9BDCE398F9}.Release|Any CPU.ActiveCfg = Release|Any CPU
		{AA377057-1517-4FE8-AA3B-3D9BDCE398F9}.Release|Any CPU.Build.0 = Release|Any CPU
		{EA0D4EC7-3A6D-4823-88A8-EE87C8807AAC}.Debug|Any CPU.ActiveCfg = Debug|Any CPU
		{EA0D4EC7-3A6D-4823-88A8-EE87C8807AAC}.Debug|Any CPU.Build.0 = Debug|Any CPU
		{EA0D4EC7-3A6D-4823-88A8-EE87C8807AAC}.Release|Any CPU.ActiveCfg = Release|Any CPU
		{EA0D4EC7-3A6D-4823-88A8-EE87C8807AAC}.Release|Any CPU.Build.0 = Release|Any CPU
		{A0027F74-9880-45EF-86A9-A43091B5155A}.Debug|Any CPU.ActiveCfg = Debug|Any CPU
		{A0027F74-9880-45EF-86A9-A43091B5155A}.Debug|Any CPU.Build.0 = Debug|Any CPU
		{A0027F74-9880-45EF-86A9-A43091B5155A}.Release|Any CPU.ActiveCfg = Release|Any CPU
		{A0027F74-9880-45EF-86A9-A43091B5155A}.Release|Any CPU.Build.0 = Release|Any CPU
		{4570456A-227D-4945-AE64-06AE15823CDA}.Debug|Any CPU.ActiveCfg = Debug|Any CPU
		{4570456A-227D-4945-AE64-06AE15823CDA}.Debug|Any CPU.Build.0 = Debug|Any CPU
		{4570456A-227D-4945-AE64-06AE15823CDA}.Release|Any CPU.ActiveCfg = Release|Any CPU
		{4570456A-227D-4945-AE64-06AE15823CDA}.Release|Any CPU.Build.0 = Release|Any CPU
		{48C8CCF4-71ED-4357-9925-813C4F7967C0}.Debug|Any CPU.ActiveCfg = Debug|Any CPU
		{48C8CCF4-71ED-4357-9925-813C4F7967C0}.Debug|Any CPU.Build.0 = Debug|Any CPU
		{48C8CCF4-71ED-4357-9925-813C4F7967C0}.Release|Any CPU.ActiveCfg = Release|Any CPU
		{48C8CCF4-71ED-4357-9925-813C4F7967C0}.Release|Any CPU.Build.0 = Release|Any CPU
		{840487FC-4432-4D76-BE25-85F930914B2F}.Debug|Any CPU.ActiveCfg = Debug|Any CPU
		{840487FC-4432-4D76-BE25-85F930914B2F}.Debug|Any CPU.Build.0 = Debug|Any CPU
		{840487FC-4432-4D76-BE25-85F930914B2F}.Release|Any CPU.ActiveCfg = Release|Any CPU
		{840487FC-4432-4D76-BE25-85F930914B2F}.Release|Any CPU.Build.0 = Release|Any CPU
		{B46F7CAA-218A-4E3E-A0BE-F5B1610E3993}.Debug|Any CPU.ActiveCfg = Debug|Any CPU
		{B46F7CAA-218A-4E3E-A0BE-F5B1610E3993}.Debug|Any CPU.Build.0 = Debug|Any CPU
		{B46F7CAA-218A-4E3E-A0BE-F5B1610E3993}.Release|Any CPU.ActiveCfg = Release|Any CPU
		{B46F7CAA-218A-4E3E-A0BE-F5B1610E3993}.Release|Any CPU.Build.0 = Release|Any CPU
		{007DDBA1-F6C2-42BC-BEBB-FF2210226378}.Debug|Any CPU.ActiveCfg = Debug|Any CPU
		{007DDBA1-F6C2-42BC-BEBB-FF2210226378}.Debug|Any CPU.Build.0 = Debug|Any CPU
		{007DDBA1-F6C2-42BC-BEBB-FF2210226378}.Release|Any CPU.ActiveCfg = Release|Any CPU
		{007DDBA1-F6C2-42BC-BEBB-FF2210226378}.Release|Any CPU.Build.0 = Release|Any CPU
		{0A92C1CD-1B8F-4D5C-8777-9230D0A76F2B}.Debug|Any CPU.ActiveCfg = Debug|Any CPU
		{0A92C1CD-1B8F-4D5C-8777-9230D0A76F2B}.Debug|Any CPU.Build.0 = Debug|Any CPU
		{0A92C1CD-1B8F-4D5C-8777-9230D0A76F2B}.Release|Any CPU.ActiveCfg = Release|Any CPU
		{0A92C1CD-1B8F-4D5C-8777-9230D0A76F2B}.Release|Any CPU.Build.0 = Release|Any CPU
		{994853C1-0821-4F3D-8BEA-29C5D932428B}.Debug|Any CPU.ActiveCfg = Debug|Any CPU
		{994853C1-0821-4F3D-8BEA-29C5D932428B}.Debug|Any CPU.Build.0 = Debug|Any CPU
		{994853C1-0821-4F3D-8BEA-29C5D932428B}.Release|Any CPU.ActiveCfg = Release|Any CPU
		{994853C1-0821-4F3D-8BEA-29C5D932428B}.Release|Any CPU.Build.0 = Release|Any CPU
	EndGlobalSection
	GlobalSection(SolutionProperties) = preSolution
		HideSolutionNode = FALSE
	EndGlobalSection
	GlobalSection(NestedProjects) = preSolution
		{31B9B3F4-5CA7-4084-8BFB-17247FB167DE} = {A3E91BD2-E2B3-4BAE-AB96-1F2B35EFCFB4}
		{637A7D36-3060-4537-9E27-D6D19731B4AB} = {A3E91BD2-E2B3-4BAE-AB96-1F2B35EFCFB4}
		{F0AA5256-4B4E-477C-B0A2-C28680C583C9} = {A3E91BD2-E2B3-4BAE-AB96-1F2B35EFCFB4}
		{16D4DA5A-DD20-4A21-8DAC-D31ACF0D911E} = {DEF6ECA6-82FD-4A3D-A248-0D8231BF75CF}
		{900A3CBE-E1DA-4852-BF85-66613149B069} = {DEF6ECA6-82FD-4A3D-A248-0D8231BF75CF}
		{08ECDB27-1C61-47C4-981D-1D096750F119} = {DEF6ECA6-82FD-4A3D-A248-0D8231BF75CF}
		{780BD5EB-35A6-4736-8BCC-EC388E136514} = {A1A6D86A-33D6-405E-BD7F-AE7BB23AD2F0}
		{4D3C1709-786D-4893-B351-EE4F059F4FD2} = {A1A6D86A-33D6-405E-BD7F-AE7BB23AD2F0}
		{7A2D9B5F-DF6C-4855-A89A-D62083049280} = {A1A6D86A-33D6-405E-BD7F-AE7BB23AD2F0}
		{1421B3C7-8CD7-40C6-AA7D-443CD75F1BE8} = {CB0FF75C-DDF7-4C7D-BFE8-642D90CAAD32}
		{D18F8CF2-19FA-4B2A-9B5E-39B396C901A4} = {CB0FF75C-DDF7-4C7D-BFE8-642D90CAAD32}
		{AA377057-1517-4FE8-AA3B-3D9BDCE398F9} = {CB0FF75C-DDF7-4C7D-BFE8-642D90CAAD32}
		{EA0D4EC7-3A6D-4823-88A8-EE87C8807AAC} = {45F18227-A89E-4758-8140-D2AABD9231BE}
		{A0027F74-9880-45EF-86A9-A43091B5155A} = {45F18227-A89E-4758-8140-D2AABD9231BE}
		{4570456A-227D-4945-AE64-06AE15823CDA} = {45F18227-A89E-4758-8140-D2AABD9231BE}
		{48C8CCF4-71ED-4357-9925-813C4F7967C0} = {03F311AA-330F-449D-A481-12E788514809}
		{840487FC-4432-4D76-BE25-85F930914B2F} = {03F311AA-330F-449D-A481-12E788514809}
		{B46F7CAA-218A-4E3E-A0BE-F5B1610E3993} = {03F311AA-330F-449D-A481-12E788514809}
		{007DDBA1-F6C2-42BC-BEBB-FF2210226378} = {D3FFD82E-22CF-4C26-A09A-B41BBC0AB069}
		{0A92C1CD-1B8F-4D5C-8777-9230D0A76F2B} = {D3FFD82E-22CF-4C26-A09A-B41BBC0AB069}
		{994853C1-0821-4F3D-8BEA-29C5D932428B} = {D3FFD82E-22CF-4C26-A09A-B41BBC0AB069}
	EndGlobalSection
	GlobalSection(ExtensibilityGlobals) = postSolution
		SolutionGuid = {7DBF8AE4-C493-42ED-8B70-DBB17F49B20C}
	EndGlobalSection
EndGlobal
